
Microsoft Visual Studio Solution File, Format Version 12.00
# Visual Studio Version 16
VisualStudioVersion = 16.0.29326.143
MinimumVisualStudioVersion = 10.0.40219.1
Project("{9A19103F-16F7-4668-BE54-9A1E7A4F7556}") = "Gecko", "Gecko.csproj", "{9E420224-1540-400E-9423-C9A1F87B9DE7}"
EndProject
Global
	GlobalSection(SolutionConfigurationPlatforms) = preSolution
		Debug|Any CPU = Debug|Any CPU
		Release|Any CPU = Release|Any CPU
	EndGlobalSection
	GlobalSection(ProjectConfigurationPlatforms) = postSolution
		{9E420224-1540-400E-9423-C9A1F87B9DE7}.Debug|Any CPU.ActiveCfg = Debug|Any CPU
		{9E420224-1540-400E-9423-C9A1F87B9DE7}.Debug|Any CPU.Build.0 = Debug|Any CPU
		{9E420224-1540-400E-9423-C9A1F87B9DE7}.Release|Any CPU.ActiveCfg = Release|Any CPU
		{9E420224-1540-400E-9423-C9A1F87B9DE7}.Release|Any CPU.Build.0 = Release|Any CPU
	EndGlobalSection
	GlobalSection(SolutionProperties) = preSolution
		HideSolutionNode = FALSE
	EndGlobalSection
	GlobalSection(ExtensibilityGlobals) = postSolution
		SolutionGuid = {C942FE18-A144-43A8-ACD6-9F19B94E20EB}
	EndGlobalSection
EndGlobal
